
Microsoft Visual Studio Solution File, Format Version 12.00
# Visual Studio Version 16
VisualStudioVersion = 16.0.29318.209
MinimumVisualStudioVersion = 10.0.40219.1
Project("{9A19103F-16F7-4668-BE54-9A1E7A4F7556}") = "QA.DotNetCore.Engine.Abstractions", "QA.DotNetCore.Engine.Abstractions\QA.DotNetCore.Engine.Abstractions.csproj", "{D91C01B9-12D7-4784-AAC8-D6D57E08CF5B}"
EndProject
Project("{9A19103F-16F7-4668-BE54-9A1E7A4F7556}") = "QA.DotNetCore.Engine.QpData", "QA.DotNetCore.Engine.QpData\QA.DotNetCore.Engine.QpData.csproj", "{050262BD-280F-41AF-80E4-CCF37BA8C04E}"
EndProject
Project("{9A19103F-16F7-4668-BE54-9A1E7A4F7556}") = "DemoWebSite.PagesAndWidgets", "DemoWebSite.PagesAndWidgets\DemoWebSite.PagesAndWidgets.csproj", "{A0212365-C4B9-4FD1-94EB-D1BA66793FD3}"
EndProject
Project("{9A19103F-16F7-4668-BE54-9A1E7A4F7556}") = "QA.DotNetCore.Engine.Routing", "QA.DotNetCore.Engine.Routing\QA.DotNetCore.Engine.Routing.csproj", "{8938B2F9-941F-454C-8713-DFD302833BB1}"
EndProject
Project("{9A19103F-16F7-4668-BE54-9A1E7A4F7556}") = "QA.DotNetCore.Engine.Widgets", "QA.DotNetCore.Engine.Widgets\QA.DotNetCore.Engine.Widgets.csproj", "{5C0F10AB-5B13-411F-B3D2-4A15B600A8C8}"
EndProject
Project("{9A19103F-16F7-4668-BE54-9A1E7A4F7556}") = "DemoWebApplication", "DemoWebApplication\DemoWebApplication.csproj", "{501A549A-12A8-4044-BE11-203173417FB2}"
EndProject
Project("{9A19103F-16F7-4668-BE54-9A1E7A4F7556}") = "QA.DotNetCore.Caching", "QA.DotNetCore.Caching\QA.DotNetCore.Caching.csproj", "{E413B896-EF13-4B75-805B-40E0A0B7B8D6}"
EndProject
Project("{9A19103F-16F7-4668-BE54-9A1E7A4F7556}") = "QA.DotNetCore.Engine.Reflection", "QA.DotNetCore.Engine.Reflection\QA.DotNetCore.Engine.Reflection.csproj", "{3D298871-F695-4967-84A6-4CF62970264E}"
EndProject
Project("{9A19103F-16F7-4668-BE54-9A1E7A4F7556}") = "QA.DotNetCore.Engine.Targeting", "QA.DotNetCore.Engine.Targeting\QA.DotNetCore.Engine.Targeting.csproj", "{0F299CF0-1FA0-4416-899E-8FBFC8170A00}"
EndProject
Project("{9A19103F-16F7-4668-BE54-9A1E7A4F7556}") = "QA.DotNetCore.Engine.QpData.Configuration", "QA.DotNetCore.Engine.QpData.Configuration\QA.DotNetCore.Engine.QpData.Configuration.csproj", "{12A6F6D6-5C10-4623-A458-2B12E48B595A}"
EndProject
Project("{9A19103F-16F7-4668-BE54-9A1E7A4F7556}") = "QA.DotNetCore.Engine.Persistent.Interfaces", "QA.DotNetCore.Engine.Persistent.Interfaces\QA.DotNetCore.Engine.Persistent.Interfaces.csproj", "{4FEBFA0A-3A3B-4DA6-92BC-099BE66163CE}"
EndProject
Project("{9A19103F-16F7-4668-BE54-9A1E7A4F7556}") = "QA.DotNetCore.Engine.Persistent.Dapper", "QA.DotNetCore.Engine.Persistent.Dapper\QA.DotNetCore.Engine.Persistent.Dapper.csproj", "{E471F3B6-4BC6-42A6-8D90-93A9A269BDC2}"
EndProject
Project("{9A19103F-16F7-4668-BE54-9A1E7A4F7556}") = "QA.DotNetCore.Engine.AbTesting", "QA.DotNetCore.Engine.AbTesting\QA.DotNetCore.Engine.AbTesting.csproj", "{A88C5128-5785-41C4-B8F7-2C85455D1436}"
EndProject
Project("{9A19103F-16F7-4668-BE54-9A1E7A4F7556}") = "QA.DotNetCore.Engine.AbTesting.Configuration", "QA.DotNetCore.Engine.AbTesting.Configuration\QA.DotNetCore.Engine.AbTesting.Configuration.csproj", "{34950412-0062-4E60-88CA-E5CB46467BAE}"
EndProject
Project("{9A19103F-16F7-4668-BE54-9A1E7A4F7556}") = "QA.DotNetCore.Engine.OnScreen", "QA.DotNetCore.Engine.OnScreen\QA.DotNetCore.Engine.OnScreen.csproj", "{BC0E0FB5-198F-4C40-9AAB-4EB0599F32A3}"
EndProject
Project("{9A19103F-16F7-4668-BE54-9A1E7A4F7556}") = "QA.DotNetCore.Engine.CacheTags", "QA.DotNetCore.Engine.CacheTags\QA.DotNetCore.Engine.CacheTags.csproj", "{2A925092-6064-476C-AA55-A4F4DC5C3025}"
EndProject
Project("{9A19103F-16F7-4668-BE54-9A1E7A4F7556}") = "QA.DotNetCore.Engine.Xml", "QA.DotNetCore.Engine.Xml\QA.DotNetCore.Engine.Xml.csproj", "{F521C271-5535-45DA-B45F-DAE0F4AF8C9D}"
EndProject
Project("{9A19103F-16F7-4668-BE54-9A1E7A4F7556}") = "QA.DotNetCore.Engine.Xml.Configuration", "QA.DotNetCore.Engine.Xml.Configuration\QA.DotNetCore.Engine.Xml.Configuration.csproj", "{A5A5CE3C-EF3F-475F-8EA1-130603970766}"
EndProject
Project("{2150E333-8FDC-42A3-9474-1A3956D46DE8}") = "Tests", "Tests", "{643A033A-63A5-4D4C-9E66-28CFD52A21F4}"
EndProject
Project("{9A19103F-16F7-4668-BE54-9A1E7A4F7556}") = "QA.DotNetCore.Engine.Routing.Tests", "QA.DotNetCore.Engine.Routing.Tests\QA.DotNetCore.Engine.Routing.Tests.csproj", "{560BB2EB-56C9-4FFF-9ACA-8E1A6CEE2375}"
EndProject
Project("{9A19103F-16F7-4668-BE54-9A1E7A4F7556}") = "QA.DotNetCore.Engine.Persistent.Dapper.Tests", "QA.DotNetCore.Engine.Persistent.Dapper.Tests\QA.DotNetCore.Engine.Persistent.Dapper.Tests.csproj", "{BD6F164A-5AE2-46C5-AB3D-AFFDF901F3EF}"
EndProject
Project("{9A19103F-16F7-4668-BE54-9A1E7A4F7556}") = "QA.DotNetCore.Engine.QpData.Tests", "QA.DotNetCore.Engine.QpData.Tests\QA.DotNetCore.Engine.QpData.Tests.csproj", "{B733BAA7-7EDC-464E-9C9C-744C7EDEB925}"
EndProject
Project("{FAE04EC0-301F-11D3-BF4B-00C04F79EFBC}") = "DemoSiteStructure.WebApi", "DemoSiteStructure.WebApi\DemoSiteStructure.WebApi.csproj", "{ED2EC00C-2CBA-4429-86D2-FB9EC2F5310E}"
EndProject
Global
	GlobalSection(SolutionConfigurationPlatforms) = preSolution
		Debug|Any CPU = Debug|Any CPU
		Release|Any CPU = Release|Any CPU
	EndGlobalSection
	GlobalSection(ProjectConfigurationPlatforms) = postSolution
		{D91C01B9-12D7-4784-AAC8-D6D57E08CF5B}.Debug|Any CPU.ActiveCfg = Debug|Any CPU
		{D91C01B9-12D7-4784-AAC8-D6D57E08CF5B}.Debug|Any CPU.Build.0 = Debug|Any CPU
		{D91C01B9-12D7-4784-AAC8-D6D57E08CF5B}.Release|Any CPU.ActiveCfg = Release|Any CPU
		{D91C01B9-12D7-4784-AAC8-D6D57E08CF5B}.Release|Any CPU.Build.0 = Release|Any CPU
		{050262BD-280F-41AF-80E4-CCF37BA8C04E}.Debug|Any CPU.ActiveCfg = Debug|Any CPU
		{050262BD-280F-41AF-80E4-CCF37BA8C04E}.Debug|Any CPU.Build.0 = Debug|Any CPU
		{050262BD-280F-41AF-80E4-CCF37BA8C04E}.Release|Any CPU.ActiveCfg = Release|Any CPU
		{050262BD-280F-41AF-80E4-CCF37BA8C04E}.Release|Any CPU.Build.0 = Release|Any CPU
		{A0212365-C4B9-4FD1-94EB-D1BA66793FD3}.Debug|Any CPU.ActiveCfg = Debug|Any CPU
		{A0212365-C4B9-4FD1-94EB-D1BA66793FD3}.Debug|Any CPU.Build.0 = Debug|Any CPU
		{A0212365-C4B9-4FD1-94EB-D1BA66793FD3}.Release|Any CPU.ActiveCfg = Release|Any CPU
		{A0212365-C4B9-4FD1-94EB-D1BA66793FD3}.Release|Any CPU.Build.0 = Release|Any CPU
		{8938B2F9-941F-454C-8713-DFD302833BB1}.Debug|Any CPU.ActiveCfg = Debug|Any CPU
		{8938B2F9-941F-454C-8713-DFD302833BB1}.Debug|Any CPU.Build.0 = Debug|Any CPU
		{8938B2F9-941F-454C-8713-DFD302833BB1}.Release|Any CPU.ActiveCfg = Release|Any CPU
		{8938B2F9-941F-454C-8713-DFD302833BB1}.Release|Any CPU.Build.0 = Release|Any CPU
		{5C0F10AB-5B13-411F-B3D2-4A15B600A8C8}.Debug|Any CPU.ActiveCfg = Debug|Any CPU
		{5C0F10AB-5B13-411F-B3D2-4A15B600A8C8}.Debug|Any CPU.Build.0 = Debug|Any CPU
		{5C0F10AB-5B13-411F-B3D2-4A15B600A8C8}.Release|Any CPU.ActiveCfg = Release|Any CPU
		{5C0F10AB-5B13-411F-B3D2-4A15B600A8C8}.Release|Any CPU.Build.0 = Release|Any CPU
		{501A549A-12A8-4044-BE11-203173417FB2}.Debug|Any CPU.ActiveCfg = Debug|Any CPU
		{501A549A-12A8-4044-BE11-203173417FB2}.Debug|Any CPU.Build.0 = Debug|Any CPU
		{501A549A-12A8-4044-BE11-203173417FB2}.Release|Any CPU.ActiveCfg = Release|Any CPU
		{501A549A-12A8-4044-BE11-203173417FB2}.Release|Any CPU.Build.0 = Release|Any CPU
		{E413B896-EF13-4B75-805B-40E0A0B7B8D6}.Debug|Any CPU.ActiveCfg = Debug|Any CPU
		{E413B896-EF13-4B75-805B-40E0A0B7B8D6}.Debug|Any CPU.Build.0 = Debug|Any CPU
		{E413B896-EF13-4B75-805B-40E0A0B7B8D6}.Release|Any CPU.ActiveCfg = Release|Any CPU
		{E413B896-EF13-4B75-805B-40E0A0B7B8D6}.Release|Any CPU.Build.0 = Release|Any CPU
		{3D298871-F695-4967-84A6-4CF62970264E}.Debug|Any CPU.ActiveCfg = Debug|Any CPU
		{3D298871-F695-4967-84A6-4CF62970264E}.Debug|Any CPU.Build.0 = Debug|Any CPU
		{3D298871-F695-4967-84A6-4CF62970264E}.Release|Any CPU.ActiveCfg = Release|Any CPU
		{3D298871-F695-4967-84A6-4CF62970264E}.Release|Any CPU.Build.0 = Release|Any CPU
		{0F299CF0-1FA0-4416-899E-8FBFC8170A00}.Debug|Any CPU.ActiveCfg = Debug|Any CPU
		{0F299CF0-1FA0-4416-899E-8FBFC8170A00}.Debug|Any CPU.Build.0 = Debug|Any CPU
		{0F299CF0-1FA0-4416-899E-8FBFC8170A00}.Release|Any CPU.ActiveCfg = Release|Any CPU
		{0F299CF0-1FA0-4416-899E-8FBFC8170A00}.Release|Any CPU.Build.0 = Release|Any CPU
		{12A6F6D6-5C10-4623-A458-2B12E48B595A}.Debug|Any CPU.ActiveCfg = Debug|Any CPU
		{12A6F6D6-5C10-4623-A458-2B12E48B595A}.Debug|Any CPU.Build.0 = Debug|Any CPU
		{12A6F6D6-5C10-4623-A458-2B12E48B595A}.Release|Any CPU.ActiveCfg = Release|Any CPU
		{12A6F6D6-5C10-4623-A458-2B12E48B595A}.Release|Any CPU.Build.0 = Release|Any CPU
		{4FEBFA0A-3A3B-4DA6-92BC-099BE66163CE}.Debug|Any CPU.ActiveCfg = Debug|Any CPU
		{4FEBFA0A-3A3B-4DA6-92BC-099BE66163CE}.Debug|Any CPU.Build.0 = Debug|Any CPU
		{4FEBFA0A-3A3B-4DA6-92BC-099BE66163CE}.Release|Any CPU.ActiveCfg = Release|Any CPU
		{4FEBFA0A-3A3B-4DA6-92BC-099BE66163CE}.Release|Any CPU.Build.0 = Release|Any CPU
		{E471F3B6-4BC6-42A6-8D90-93A9A269BDC2}.Debug|Any CPU.ActiveCfg = Debug|Any CPU
		{E471F3B6-4BC6-42A6-8D90-93A9A269BDC2}.Debug|Any CPU.Build.0 = Debug|Any CPU
		{E471F3B6-4BC6-42A6-8D90-93A9A269BDC2}.Release|Any CPU.ActiveCfg = Release|Any CPU
		{E471F3B6-4BC6-42A6-8D90-93A9A269BDC2}.Release|Any CPU.Build.0 = Release|Any CPU
		{A88C5128-5785-41C4-B8F7-2C85455D1436}.Debug|Any CPU.ActiveCfg = Debug|Any CPU
		{A88C5128-5785-41C4-B8F7-2C85455D1436}.Debug|Any CPU.Build.0 = Debug|Any CPU
		{A88C5128-5785-41C4-B8F7-2C85455D1436}.Release|Any CPU.ActiveCfg = Release|Any CPU
		{A88C5128-5785-41C4-B8F7-2C85455D1436}.Release|Any CPU.Build.0 = Release|Any CPU
		{34950412-0062-4E60-88CA-E5CB46467BAE}.Debug|Any CPU.ActiveCfg = Debug|Any CPU
		{34950412-0062-4E60-88CA-E5CB46467BAE}.Debug|Any CPU.Build.0 = Debug|Any CPU
		{34950412-0062-4E60-88CA-E5CB46467BAE}.Release|Any CPU.ActiveCfg = Release|Any CPU
		{34950412-0062-4E60-88CA-E5CB46467BAE}.Release|Any CPU.Build.0 = Release|Any CPU
		{BC0E0FB5-198F-4C40-9AAB-4EB0599F32A3}.Debug|Any CPU.ActiveCfg = Debug|Any CPU
		{BC0E0FB5-198F-4C40-9AAB-4EB0599F32A3}.Debug|Any CPU.Build.0 = Debug|Any CPU
		{BC0E0FB5-198F-4C40-9AAB-4EB0599F32A3}.Release|Any CPU.ActiveCfg = Release|Any CPU
		{BC0E0FB5-198F-4C40-9AAB-4EB0599F32A3}.Release|Any CPU.Build.0 = Release|Any CPU
		{2A925092-6064-476C-AA55-A4F4DC5C3025}.Debug|Any CPU.ActiveCfg = Debug|Any CPU
		{2A925092-6064-476C-AA55-A4F4DC5C3025}.Debug|Any CPU.Build.0 = Debug|Any CPU
		{2A925092-6064-476C-AA55-A4F4DC5C3025}.Release|Any CPU.ActiveCfg = Release|Any CPU
		{2A925092-6064-476C-AA55-A4F4DC5C3025}.Release|Any CPU.Build.0 = Release|Any CPU
		{F521C271-5535-45DA-B45F-DAE0F4AF8C9D}.Debug|Any CPU.ActiveCfg = Debug|Any CPU
		{F521C271-5535-45DA-B45F-DAE0F4AF8C9D}.Debug|Any CPU.Build.0 = Debug|Any CPU
		{F521C271-5535-45DA-B45F-DAE0F4AF8C9D}.Release|Any CPU.ActiveCfg = Release|Any CPU
		{F521C271-5535-45DA-B45F-DAE0F4AF8C9D}.Release|Any CPU.Build.0 = Release|Any CPU
		{A5A5CE3C-EF3F-475F-8EA1-130603970766}.Debug|Any CPU.ActiveCfg = Debug|Any CPU
		{A5A5CE3C-EF3F-475F-8EA1-130603970766}.Debug|Any CPU.Build.0 = Debug|Any CPU
		{A5A5CE3C-EF3F-475F-8EA1-130603970766}.Release|Any CPU.ActiveCfg = Release|Any CPU
		{A5A5CE3C-EF3F-475F-8EA1-130603970766}.Release|Any CPU.Build.0 = Release|Any CPU
		{560BB2EB-56C9-4FFF-9ACA-8E1A6CEE2375}.Debug|Any CPU.ActiveCfg = Debug|Any CPU
		{560BB2EB-56C9-4FFF-9ACA-8E1A6CEE2375}.Debug|Any CPU.Build.0 = Debug|Any CPU
		{560BB2EB-56C9-4FFF-9ACA-8E1A6CEE2375}.Release|Any CPU.ActiveCfg = Release|Any CPU
		{560BB2EB-56C9-4FFF-9ACA-8E1A6CEE2375}.Release|Any CPU.Build.0 = Release|Any CPU
		{BD6F164A-5AE2-46C5-AB3D-AFFDF901F3EF}.Debug|Any CPU.ActiveCfg = Debug|Any CPU
		{BD6F164A-5AE2-46C5-AB3D-AFFDF901F3EF}.Debug|Any CPU.Build.0 = Debug|Any CPU
		{BD6F164A-5AE2-46C5-AB3D-AFFDF901F3EF}.Release|Any CPU.ActiveCfg = Release|Any CPU
		{BD6F164A-5AE2-46C5-AB3D-AFFDF901F3EF}.Release|Any CPU.Build.0 = Release|Any CPU
		{B733BAA7-7EDC-464E-9C9C-744C7EDEB925}.Debug|Any CPU.ActiveCfg = Debug|Any CPU
		{B733BAA7-7EDC-464E-9C9C-744C7EDEB925}.Debug|Any CPU.Build.0 = Debug|Any CPU
		{B733BAA7-7EDC-464E-9C9C-744C7EDEB925}.Release|Any CPU.ActiveCfg = Release|Any CPU
		{B733BAA7-7EDC-464E-9C9C-744C7EDEB925}.Release|Any CPU.Build.0 = Release|Any CPU
		{ED2EC00C-2CBA-4429-86D2-FB9EC2F5310E}.Debug|Any CPU.ActiveCfg = Debug|Any CPU
		{ED2EC00C-2CBA-4429-86D2-FB9EC2F5310E}.Debug|Any CPU.Build.0 = Debug|Any CPU
		{ED2EC00C-2CBA-4429-86D2-FB9EC2F5310E}.Release|Any CPU.ActiveCfg = Release|Any CPU
		{ED2EC00C-2CBA-4429-86D2-FB9EC2F5310E}.Release|Any CPU.Build.0 = Release|Any CPU
	EndGlobalSection
	GlobalSection(SolutionProperties) = preSolution
		HideSolutionNode = FALSE
	EndGlobalSection
	GlobalSection(NestedProjects) = preSolution
		{560BB2EB-56C9-4FFF-9ACA-8E1A6CEE2375} = {643A033A-63A5-4D4C-9E66-28CFD52A21F4}
		{BD6F164A-5AE2-46C5-AB3D-AFFDF901F3EF} = {643A033A-63A5-4D4C-9E66-28CFD52A21F4}
		{B733BAA7-7EDC-464E-9C9C-744C7EDEB925} = {643A033A-63A5-4D4C-9E66-28CFD52A21F4}
	EndGlobalSection
	GlobalSection(ExtensibilityGlobals) = postSolution
		SolutionGuid = {05B47769-EDD2-4180-A8DF-018E5283C45D}
	EndGlobalSection
EndGlobal
