
Microsoft Visual Studio Solution File, Format Version 12.00
# Visual Studio 15
VisualStudioVersion = 15.0.26730.15
MinimumVisualStudioVersion = 10.0.40219.1
Project("{9A19103F-16F7-4668-BE54-9A1E7A4F7556}") = "QA.DotNetCore.Engine.Abstractions", "QA.DotNetCore.Engine.Abstractions\QA.DotNetCore.Engine.Abstractions.csproj", "{D91C01B9-12D7-4784-AAC8-D6D57E08CF5B}"
EndProject
Project("{9A19103F-16F7-4668-BE54-9A1E7A4F7556}") = "QA.DotNetCore.Engine.QpData", "QA.DotNetCore.Engine.QpData\QA.DotNetCore.Engine.QpData.csproj", "{050262BD-280F-41AF-80E4-CCF37BA8C04E}"
EndProject
Project("{9A19103F-16F7-4668-BE54-9A1E7A4F7556}") = "DemoWebSite.PagesAndWidgets", "DemoWebSite.PagesAndWidgets\DemoWebSite.PagesAndWidgets.csproj", "{A0212365-C4B9-4FD1-94EB-D1BA66793FD3}"
EndProject
Project("{9A19103F-16F7-4668-BE54-9A1E7A4F7556}") = "QA.DotNetCore.Engine.Routing", "QA.DotNetCore.Engine.Routing\QA.DotNetCore.Engine.Routing.csproj", "{8938B2F9-941F-454C-8713-DFD302833BB1}"
EndProject
Project("{9A19103F-16F7-4668-BE54-9A1E7A4F7556}") = "QA.DotNetCore.Engine.Widgets", "QA.DotNetCore.Engine.Widgets\QA.DotNetCore.Engine.Widgets.csproj", "{5C0F10AB-5B13-411F-B3D2-4A15B600A8C8}"
EndProject
Project("{9A19103F-16F7-4668-BE54-9A1E7A4F7556}") = "DemoWebApplication", "DemoWebApplication\DemoWebApplication.csproj", "{501A549A-12A8-4044-BE11-203173417FB2}"
EndProject
Project("{9A19103F-16F7-4668-BE54-9A1E7A4F7556}") = "QA.DotNetCore.Caching", "QA.DotNetCore.Caching\QA.DotNetCore.Caching.csproj", "{E413B896-EF13-4B75-805B-40E0A0B7B8D6}"
EndProject
Project("{9A19103F-16F7-4668-BE54-9A1E7A4F7556}") = "QA.DotNetCore.Engine.Reflection", "QA.DotNetCore.Engine.Reflection\QA.DotNetCore.Engine.Reflection.csproj", "{3D298871-F695-4967-84A6-4CF62970264E}"
EndProject
Project("{9A19103F-16F7-4668-BE54-9A1E7A4F7556}") = "QA.DotNetCore.Engine.Targeting", "QA.DotNetCore.Engine.Targeting\QA.DotNetCore.Engine.Targeting.csproj", "{0F299CF0-1FA0-4416-899E-8FBFC8170A00}"
EndProject
Project("{9A19103F-16F7-4668-BE54-9A1E7A4F7556}") = "QA.DotNetCore.Engine.QpData.Configuration", "QA.DotNetCore.Engine.QpData.Configuration\QA.DotNetCore.Engine.QpData.Configuration.csproj", "{12A6F6D6-5C10-4623-A458-2B12E48B595A}"
EndProject
Project("{FAE04EC0-301F-11D3-BF4B-00C04F79EFBC}") = "OnScreenAdmin.Web", "OnScreenAdmin.Web\OnScreenAdmin.Web.csproj", "{FFB6C22B-8D34-40CF-AD62-F11E18ECE9BD}"
EndProject
Global
	GlobalSection(SolutionConfigurationPlatforms) = preSolution
		Debug|Any CPU = Debug|Any CPU
		Release|Any CPU = Release|Any CPU
	EndGlobalSection
	GlobalSection(ProjectConfigurationPlatforms) = postSolution
		{D91C01B9-12D7-4784-AAC8-D6D57E08CF5B}.Debug|Any CPU.ActiveCfg = Debug|Any CPU
		{D91C01B9-12D7-4784-AAC8-D6D57E08CF5B}.Debug|Any CPU.Build.0 = Debug|Any CPU
		{D91C01B9-12D7-4784-AAC8-D6D57E08CF5B}.Release|Any CPU.ActiveCfg = Release|Any CPU
		{D91C01B9-12D7-4784-AAC8-D6D57E08CF5B}.Release|Any CPU.Build.0 = Release|Any CPU
		{050262BD-280F-41AF-80E4-CCF37BA8C04E}.Debug|Any CPU.ActiveCfg = Debug|Any CPU
		{050262BD-280F-41AF-80E4-CCF37BA8C04E}.Debug|Any CPU.Build.0 = Debug|Any CPU
		{050262BD-280F-41AF-80E4-CCF37BA8C04E}.Release|Any CPU.ActiveCfg = Release|Any CPU
		{050262BD-280F-41AF-80E4-CCF37BA8C04E}.Release|Any CPU.Build.0 = Release|Any CPU
		{A0212365-C4B9-4FD1-94EB-D1BA66793FD3}.Debug|Any CPU.ActiveCfg = Debug|Any CPU
		{A0212365-C4B9-4FD1-94EB-D1BA66793FD3}.Debug|Any CPU.Build.0 = Debug|Any CPU
		{A0212365-C4B9-4FD1-94EB-D1BA66793FD3}.Release|Any CPU.ActiveCfg = Release|Any CPU
		{A0212365-C4B9-4FD1-94EB-D1BA66793FD3}.Release|Any CPU.Build.0 = Release|Any CPU
		{8938B2F9-941F-454C-8713-DFD302833BB1}.Debug|Any CPU.ActiveCfg = Debug|Any CPU
		{8938B2F9-941F-454C-8713-DFD302833BB1}.Debug|Any CPU.Build.0 = Debug|Any CPU
		{8938B2F9-941F-454C-8713-DFD302833BB1}.Release|Any CPU.ActiveCfg = Release|Any CPU
		{8938B2F9-941F-454C-8713-DFD302833BB1}.Release|Any CPU.Build.0 = Release|Any CPU
		{5C0F10AB-5B13-411F-B3D2-4A15B600A8C8}.Debug|Any CPU.ActiveCfg = Debug|Any CPU
		{5C0F10AB-5B13-411F-B3D2-4A15B600A8C8}.Debug|Any CPU.Build.0 = Debug|Any CPU
		{5C0F10AB-5B13-411F-B3D2-4A15B600A8C8}.Release|Any CPU.ActiveCfg = Release|Any CPU
		{5C0F10AB-5B13-411F-B3D2-4A15B600A8C8}.Release|Any CPU.Build.0 = Release|Any CPU
		{501A549A-12A8-4044-BE11-203173417FB2}.Debug|Any CPU.ActiveCfg = Debug|Any CPU
		{501A549A-12A8-4044-BE11-203173417FB2}.Debug|Any CPU.Build.0 = Debug|Any CPU
		{501A549A-12A8-4044-BE11-203173417FB2}.Release|Any CPU.ActiveCfg = Release|Any CPU
		{501A549A-12A8-4044-BE11-203173417FB2}.Release|Any CPU.Build.0 = Release|Any CPU
		{E413B896-EF13-4B75-805B-40E0A0B7B8D6}.Debug|Any CPU.ActiveCfg = Debug|Any CPU
		{E413B896-EF13-4B75-805B-40E0A0B7B8D6}.Debug|Any CPU.Build.0 = Debug|Any CPU
		{E413B896-EF13-4B75-805B-40E0A0B7B8D6}.Release|Any CPU.ActiveCfg = Release|Any CPU
		{E413B896-EF13-4B75-805B-40E0A0B7B8D6}.Release|Any CPU.Build.0 = Release|Any CPU
		{3D298871-F695-4967-84A6-4CF62970264E}.Debug|Any CPU.ActiveCfg = Debug|Any CPU
		{3D298871-F695-4967-84A6-4CF62970264E}.Debug|Any CPU.Build.0 = Debug|Any CPU
		{3D298871-F695-4967-84A6-4CF62970264E}.Release|Any CPU.ActiveCfg = Release|Any CPU
		{3D298871-F695-4967-84A6-4CF62970264E}.Release|Any CPU.Build.0 = Release|Any CPU
		{0F299CF0-1FA0-4416-899E-8FBFC8170A00}.Debug|Any CPU.ActiveCfg = Debug|Any CPU
		{0F299CF0-1FA0-4416-899E-8FBFC8170A00}.Debug|Any CPU.Build.0 = Debug|Any CPU
		{0F299CF0-1FA0-4416-899E-8FBFC8170A00}.Release|Any CPU.ActiveCfg = Release|Any CPU
		{0F299CF0-1FA0-4416-899E-8FBFC8170A00}.Release|Any CPU.Build.0 = Release|Any CPU
		{12A6F6D6-5C10-4623-A458-2B12E48B595A}.Debug|Any CPU.ActiveCfg = Debug|Any CPU
		{12A6F6D6-5C10-4623-A458-2B12E48B595A}.Debug|Any CPU.Build.0 = Debug|Any CPU
		{12A6F6D6-5C10-4623-A458-2B12E48B595A}.Release|Any CPU.ActiveCfg = Release|Any CPU
		{12A6F6D6-5C10-4623-A458-2B12E48B595A}.Release|Any CPU.Build.0 = Release|Any CPU
		{FFB6C22B-8D34-40CF-AD62-F11E18ECE9BD}.Debug|Any CPU.ActiveCfg = Debug|Any CPU
		{FFB6C22B-8D34-40CF-AD62-F11E18ECE9BD}.Debug|Any CPU.Build.0 = Debug|Any CPU
		{FFB6C22B-8D34-40CF-AD62-F11E18ECE9BD}.Release|Any CPU.ActiveCfg = Release|Any CPU
		{FFB6C22B-8D34-40CF-AD62-F11E18ECE9BD}.Release|Any CPU.Build.0 = Release|Any CPU
	EndGlobalSection
	GlobalSection(SolutionProperties) = preSolution
		HideSolutionNode = FALSE
	EndGlobalSection
	GlobalSection(ExtensibilityGlobals) = postSolution
		SolutionGuid = {05B47769-EDD2-4180-A8DF-018E5283C45D}
	EndGlobalSection
EndGlobal
