
Microsoft Visual Studio Solution File, Format Version 12.00
# Visual Studio 15
VisualStudioVersion = 15.0.27130.2010
MinimumVisualStudioVersion = 10.0.40219.1
Project("{9A19103F-16F7-4668-BE54-9A1E7A4F7556}") = "QA.DemoSite", "QA.DemoSite\QA.DemoSite.csproj", "{2DC90852-44AC-4013-9069-0129CAA2194C}"
EndProject
Project("{9A19103F-16F7-4668-BE54-9A1E7A4F7556}") = "QA.DemoSite.DAL", "QA.DemoSite.DAL\QA.DemoSite.DAL.csproj", "{07391BE3-6523-4820-8028-D93E64CE6985}"
EndProject
Project("{9A19103F-16F7-4668-BE54-9A1E7A4F7556}") = "QA.DemoSite.Interfaces", "QA.DemoSite.Interfaces\QA.DemoSite.Interfaces.csproj", "{A509DA3F-D373-4630-87B7-783A8DFD9227}"
EndProject
Project("{9A19103F-16F7-4668-BE54-9A1E7A4F7556}") = "QA.DemoSite.Services", "QA.DemoSite.Services\QA.DemoSite.Services.csproj", "{359FD010-B2CA-4343-9D31-F53CD3500D28}"
EndProject
Project("{FAE04EC0-301F-11D3-BF4B-00C04F79EFBC}") = "QA.DemoSite.ViewModels", "QA.DemoSite.ViewModels\QA.DemoSite.ViewModels.csproj", "{C6DB50EB-5451-4F2B-BB67-725DC95644A5}"
EndProject
Global
	GlobalSection(SolutionConfigurationPlatforms) = preSolution
		Debug|Any CPU = Debug|Any CPU
		Release|Any CPU = Release|Any CPU
	EndGlobalSection
	GlobalSection(ProjectConfigurationPlatforms) = postSolution
		{2DC90852-44AC-4013-9069-0129CAA2194C}.Debug|Any CPU.ActiveCfg = Debug|Any CPU
		{2DC90852-44AC-4013-9069-0129CAA2194C}.Debug|Any CPU.Build.0 = Debug|Any CPU
		{2DC90852-44AC-4013-9069-0129CAA2194C}.Release|Any CPU.ActiveCfg = Release|Any CPU
		{2DC90852-44AC-4013-9069-0129CAA2194C}.Release|Any CPU.Build.0 = Release|Any CPU
		{07391BE3-6523-4820-8028-D93E64CE6985}.Debug|Any CPU.ActiveCfg = Debug|Any CPU
		{07391BE3-6523-4820-8028-D93E64CE6985}.Debug|Any CPU.Build.0 = Debug|Any CPU
		{07391BE3-6523-4820-8028-D93E64CE6985}.Release|Any CPU.ActiveCfg = Release|Any CPU
		{07391BE3-6523-4820-8028-D93E64CE6985}.Release|Any CPU.Build.0 = Release|Any CPU
		{A509DA3F-D373-4630-87B7-783A8DFD9227}.Debug|Any CPU.ActiveCfg = Debug|Any CPU
		{A509DA3F-D373-4630-87B7-783A8DFD9227}.Debug|Any CPU.Build.0 = Debug|Any CPU
		{A509DA3F-D373-4630-87B7-783A8DFD9227}.Release|Any CPU.ActiveCfg = Release|Any CPU
		{A509DA3F-D373-4630-87B7-783A8DFD9227}.Release|Any CPU.Build.0 = Release|Any CPU
		{359FD010-B2CA-4343-9D31-F53CD3500D28}.Debug|Any CPU.ActiveCfg = Debug|Any CPU
		{359FD010-B2CA-4343-9D31-F53CD3500D28}.Debug|Any CPU.Build.0 = Debug|Any CPU
		{359FD010-B2CA-4343-9D31-F53CD3500D28}.Release|Any CPU.ActiveCfg = Release|Any CPU
		{359FD010-B2CA-4343-9D31-F53CD3500D28}.Release|Any CPU.Build.0 = Release|Any CPU
		{C6DB50EB-5451-4F2B-BB67-725DC95644A5}.Debug|Any CPU.ActiveCfg = Debug|Any CPU
		{C6DB50EB-5451-4F2B-BB67-725DC95644A5}.Debug|Any CPU.Build.0 = Debug|Any CPU
		{C6DB50EB-5451-4F2B-BB67-725DC95644A5}.Release|Any CPU.ActiveCfg = Release|Any CPU
		{C6DB50EB-5451-4F2B-BB67-725DC95644A5}.Release|Any CPU.Build.0 = Release|Any CPU
	EndGlobalSection
	GlobalSection(SolutionProperties) = preSolution
		HideSolutionNode = FALSE
	EndGlobalSection
	GlobalSection(ExtensibilityGlobals) = postSolution
		SolutionGuid = {4121C6D7-FD7B-4ABA-B607-0C767DEF807C}
	EndGlobalSection
EndGlobal
